
Microsoft Visual Studio Solution File, Format Version 12.00
# Visual Studio Version 17
VisualStudioVersion = 17.9.34321.82
MinimumVisualStudioVersion = 10.0.40219.1
Project("{9A19103F-16F7-4668-BE54-9A1E7A4F7556}") = "Biwen.Blazor.Components", "Biwen.Blazor.Components\Biwen.Blazor.Components.csproj", "{5BB578F2-A09D-447C-8349-9461040741B6}"
EndProject
Project("{9A19103F-16F7-4668-BE54-9A1E7A4F7556}") = "Biwen.Blazor.Components.Demo", "Biwen.Blazor.Components.Demo\Biwen.Blazor.Components.Demo\Biwen.Blazor.Components.Demo.csproj", "{2E8B9145-5FA8-49DB-8D3D-F46A3CC9B46D}"
EndProject
Project("{9A19103F-16F7-4668-BE54-9A1E7A4F7556}") = "Biwen.Blazor.Components.Demo.Client", "Biwen.Blazor.Components.Demo\Biwen.Blazor.Components.Demo.Client\Biwen.Blazor.Components.Demo.Client.csproj", "{6442895B-7A71-4ED3-A585-AF8C3240E8B5}"
EndProject
Project("{2150E333-8FDC-42A3-9474-1A3956D46DE8}") = "Demo", "Demo", "{1575B689-E72B-4688-A666-EA27F3985F4E}"
EndProject
Project("{2150E333-8FDC-42A3-9474-1A3956D46DE8}") = "Docs", "Docs", "{704DE9FB-0FA9-4396-BFCB-0D96D2F3EC02}"
	ProjectSection(SolutionItems) = preProject
		LICENSE.txt = LICENSE.txt
		README.md = README.md
	EndProjectSection
EndProject
Global
	GlobalSection(SolutionConfigurationPlatforms) = preSolution
		Debug|Any CPU = Debug|Any CPU
		Release|Any CPU = Release|Any CPU
	EndGlobalSection
	GlobalSection(ProjectConfigurationPlatforms) = postSolution
		{5BB578F2-A09D-447C-8349-9461040741B6}.Debug|Any CPU.ActiveCfg = Debug|Any CPU
		{5BB578F2-A09D-447C-8349-9461040741B6}.Debug|Any CPU.Build.0 = Debug|Any CPU
		{5BB578F2-A09D-447C-8349-9461040741B6}.Release|Any CPU.ActiveCfg = Release|Any CPU
		{5BB578F2-A09D-447C-8349-9461040741B6}.Release|Any CPU.Build.0 = Release|Any CPU
		{2E8B9145-5FA8-49DB-8D3D-F46A3CC9B46D}.Debug|Any CPU.ActiveCfg = Debug|Any CPU
		{2E8B9145-5FA8-49DB-8D3D-F46A3CC9B46D}.Debug|Any CPU.Build.0 = Debug|Any CPU
		{2E8B9145-5FA8-49DB-8D3D-F46A3CC9B46D}.Release|Any CPU.ActiveCfg = Release|Any CPU
		{2E8B9145-5FA8-49DB-8D3D-F46A3CC9B46D}.Release|Any CPU.Build.0 = Release|Any CPU
		{6442895B-7A71-4ED3-A585-AF8C3240E8B5}.Debug|Any CPU.ActiveCfg = Debug|Any CPU
		{6442895B-7A71-4ED3-A585-AF8C3240E8B5}.Debug|Any CPU.Build.0 = Debug|Any CPU
		{6442895B-7A71-4ED3-A585-AF8C3240E8B5}.Release|Any CPU.ActiveCfg = Release|Any CPU
		{6442895B-7A71-4ED3-A585-AF8C3240E8B5}.Release|Any CPU.Build.0 = Release|Any CPU
	EndGlobalSection
	GlobalSection(SolutionProperties) = preSolution
		HideSolutionNode = FALSE
	EndGlobalSection
	GlobalSection(NestedProjects) = preSolution
		{2E8B9145-5FA8-49DB-8D3D-F46A3CC9B46D} = {1575B689-E72B-4688-A666-EA27F3985F4E}
		{6442895B-7A71-4ED3-A585-AF8C3240E8B5} = {1575B689-E72B-4688-A666-EA27F3985F4E}
	EndGlobalSection
	GlobalSection(ExtensibilityGlobals) = postSolution
		SolutionGuid = {F5706C93-9170-4548-BA12-4D77F6CFBB97}
	EndGlobalSection
EndGlobal
